
Microsoft Visual Studio Solution File, Format Version 12.00
# Visual Studio Version 16
VisualStudioVersion = 16.0.29728.190
MinimumVisualStudioVersion = 10.0.40219.1
Project("{FAE04EC0-301F-11D3-BF4B-00C04F79EFBC}") = "ScaleConversion2", "ScaleConversion2\ScaleConversion2.csproj", "{9E681A53-4435-48F4-89A8-D839AB2A55E2}"
EndProject
Global
	GlobalSection(SolutionConfigurationPlatforms) = preSolution
		Debug|Any CPU = Debug|Any CPU
		Release|Any CPU = Release|Any CPU
	EndGlobalSection
	GlobalSection(ProjectConfigurationPlatforms) = postSolution
		{9E681A53-4435-48F4-89A8-D839AB2A55E2}.Debug|Any CPU.ActiveCfg = Debug|Any CPU
		{9E681A53-4435-48F4-89A8-D839AB2A55E2}.Debug|Any CPU.Build.0 = Debug|Any CPU
		{9E681A53-4435-48F4-89A8-D839AB2A55E2}.Release|Any CPU.ActiveCfg = Release|Any CPU
		{9E681A53-4435-48F4-89A8-D839AB2A55E2}.Release|Any CPU.Build.0 = Release|Any CPU
	EndGlobalSection
	GlobalSection(SolutionProperties) = preSolution
		HideSolutionNode = FALSE
	EndGlobalSection
	GlobalSection(ExtensibilityGlobals) = postSolution
		SolutionGuid = {532A35CC-A004-459C-8C5B-07407052038F}
	EndGlobalSection
EndGlobal
